// !$*UTF8*$!
{
	archiveVersion = 1;
	classes = {
	};
	objectVersion = 50;
	objects = {

/* Begin PBXBuildFile section */
		C30B81CE23A4D51900A2CFDE /* AppDelegate.swift in Sources */ = {isa = PBXBuildFile; fileRef = C30B81CD23A4D51900A2CFDE /* AppDelegate.swift */; };
		C30B81D023A4D51900A2CFDE /* SceneDelegate.swift in Sources */ = {isa = PBXBuildFile; fileRef = C30B81CF23A4D51900A2CFDE /* SceneDelegate.swift */; };
		C30B81D223A4D51900A2CFDE /* ViewController.swift in Sources */ = {isa = PBXBuildFile; fileRef = C30B81D123A4D51900A2CFDE /* ViewController.swift */; };
		C30B81D523A4D51900A2CFDE /* Main.storyboard in Resources */ = {isa = PBXBuildFile; fileRef = C30B81D323A4D51900A2CFDE /* Main.storyboard */; };
		C30B81D723A4D52100A2CFDE /* Assets.xcassets in Resources */ = {isa = PBXBuildFile; fileRef = C30B81D623A4D52100A2CFDE /* Assets.xcassets */; };
		C30B81DA23A4D52100A2CFDE /* LaunchScreen.storyboard in Resources */ = {isa = PBXBuildFile; fileRef = C30B81D823A4D52100A2CFDE /* LaunchScreen.storyboard */; };
		C30B81EA23A4D5E100A2CFDE /* SubCategoryTableViewCell.swift in Sources */ = {isa = PBXBuildFile; fileRef = C30B81E623A4D5E100A2CFDE /* SubCategoryTableViewCell.swift */; };
		C30B81EB23A4D5E100A2CFDE /* CategoryTableViewCell.swift in Sources */ = {isa = PBXBuildFile; fileRef = C30B81E723A4D5E100A2CFDE /* CategoryTableViewCell.swift */; };
		C30B81EC23A4D5E100A2CFDE /* CategoryTableViewCell.xib in Resources */ = {isa = PBXBuildFile; fileRef = C30B81E823A4D5E100A2CFDE /* CategoryTableViewCell.xib */; };
		C30B81ED23A4D5E100A2CFDE /* SubCategoryTableViewCell.xib in Resources */ = {isa = PBXBuildFile; fileRef = C30B81E923A4D5E100A2CFDE /* SubCategoryTableViewCell.xib */; };
		C30B81F023A4D66000A2CFDE /* AllMenu.json in Resources */ = {isa = PBXBuildFile; fileRef = C30B81EF23A4D66000A2CFDE /* AllMenu.json */; };
		C30B81F423A4D67400A2CFDE /* CustomView.swift in Sources */ = {isa = PBXBuildFile; fileRef = C30B81F323A4D67400A2CFDE /* CustomView.swift */; };
		C30B81F623A4D73C00A2CFDE /* NSObjectExtension.swift in Sources */ = {isa = PBXBuildFile; fileRef = C30B81F523A4D73C00A2CFDE /* NSObjectExtension.swift */; };
		C30B81F823A4D77500A2CFDE /* MenuItems.swift in Sources */ = {isa = PBXBuildFile; fileRef = C30B81F723A4D77500A2CFDE /* MenuItems.swift */; };
/* End PBXBuildFile section */

/* Begin PBXFileReference section */
		C30B81CA23A4D51900A2CFDE /* MPExpandableTableView.app */ = {isa = PBXFileReference; explicitFileType = wrapper.application; includeInIndex = 0; path = MPExpandableTableView.app; sourceTree = BUILT_PRODUCTS_DIR; };
		C30B81CD23A4D51900A2CFDE /* AppDelegate.swift */ = {isa = PBXFileReference; lastKnownFileType = sourcecode.swift; path = AppDelegate.swift; sourceTree = "<group>"; };
		C30B81CF23A4D51900A2CFDE /* SceneDelegate.swift */ = {isa = PBXFileReference; lastKnownFileType = sourcecode.swift; path = SceneDelegate.swift; sourceTree = "<group>"; };
		C30B81D123A4D51900A2CFDE /* ViewController.swift */ = {isa = PBXFileReference; lastKnownFileType = sourcecode.swift; path = ViewController.swift; sourceTree = "<group>"; };
		C30B81D423A4D51900A2CFDE /* Base */ = {isa = PBXFileReference; lastKnownFileType = file.storyboard; name = Base; path = Base.lproj/Main.storyboard; sourceTree = "<group>"; };
		C30B81D623A4D52100A2CFDE /* Assets.xcassets */ = {isa = PBXFileReference; lastKnownFileType = folder.assetcatalog; path = Assets.xcassets; sourceTree = "<group>"; };
		C30B81D923A4D52100A2CFDE /* Base */ = {isa = PBXFileReference; lastKnownFileType = file.storyboard; name = Base; path = Base.lproj/LaunchScreen.storyboard; sourceTree = "<group>"; };
		C30B81DB23A4D52100A2CFDE /* Info.plist */ = {isa = PBXFileReference; lastKnownFileType = text.plist.xml; path = Info.plist; sourceTree = "<group>"; };
		C30B81E623A4D5E100A2CFDE /* SubCategoryTableViewCell.swift */ = {isa = PBXFileReference; fileEncoding = 4; lastKnownFileType = sourcecode.swift; path = SubCategoryTableViewCell.swift; sourceTree = "<group>"; };
		C30B81E723A4D5E100A2CFDE /* CategoryTableViewCell.swift */ = {isa = PBXFileReference; fileEncoding = 4; lastKnownFileType = sourcecode.swift; path = CategoryTableViewCell.swift; sourceTree = "<group>"; };
		C30B81E823A4D5E100A2CFDE /* CategoryTableViewCell.xib */ = {isa = PBXFileReference; fileEncoding = 4; lastKnownFileType = file.xib; path = CategoryTableViewCell.xib; sourceTree = "<group>"; };
		C30B81E923A4D5E100A2CFDE /* SubCategoryTableViewCell.xib */ = {isa = PBXFileReference; fileEncoding = 4; lastKnownFileType = file.xib; path = SubCategoryTableViewCell.xib; sourceTree = "<group>"; };
		C30B81EF23A4D66000A2CFDE /* AllMenu.json */ = {isa = PBXFileReference; fileEncoding = 4; lastKnownFileType = text.json; path = AllMenu.json; sourceTree = "<group>"; };
		C30B81F323A4D67400A2CFDE /* CustomView.swift */ = {isa = PBXFileReference; fileEncoding = 4; lastKnownFileType = sourcecode.swift; path = CustomView.swift; sourceTree = "<group>"; };
		C30B81F523A4D73C00A2CFDE /* NSObjectExtension.swift */ = {isa = PBXFileReference; fileEncoding = 4; lastKnownFileType = sourcecode.swift; path = NSObjectExtension.swift; sourceTree = "<group>"; };
		C30B81F723A4D77500A2CFDE /* MenuItems.swift */ = {isa = PBXFileReference; lastKnownFileType = sourcecode.swift; path = MenuItems.swift; sourceTree = "<group>"; };
/* End PBXFileReference section */

/* Begin PBXFrameworksBuildPhase section */
		C30B81C723A4D51900A2CFDE /* Frameworks */ = {
			isa = PBXFrameworksBuildPhase;
			buildActionMask = 2147483647;
			files = (
			);
			runOnlyForDeploymentPostprocessing = 0;
		};
/* End PBXFrameworksBuildPhase section */

/* Begin PBXGroup section */
		C30B81C123A4D51900A2CFDE = {
			isa = PBXGroup;
			children = (
				C30B81CC23A4D51900A2CFDE /* MPExpandableTableView */,
				C30B81CB23A4D51900A2CFDE /* Products */,
			);
			sourceTree = "<group>";
		};
		C30B81CB23A4D51900A2CFDE /* Products */ = {
			isa = PBXGroup;
			children = (
				C30B81CA23A4D51900A2CFDE /* MPExpandableTableView.app */,
			);
			name = Products;
			sourceTree = "<group>";
		};
		C30B81CC23A4D51900A2CFDE /* MPExpandableTableView */ = {
			isa = PBXGroup;
			children = (
				C30B81EF23A4D66000A2CFDE /* AllMenu.json */,
				C30B81EE23A4D62B00A2CFDE /* Model */,
				C30B81E523A4D59F00A2CFDE /* StoryBoard */,
				C30B81E423A4D58500A2CFDE /* Custom Class */,
				C30B81E323A4D57000A2CFDE /* Cells */,
				C30B81E223A4D54E00A2CFDE /* Controller */,
				C30B81E123A4D54100A2CFDE /* Delegates */,
				C30B81D623A4D52100A2CFDE /* Assets.xcassets */,
				C30B81DB23A4D52100A2CFDE /* Info.plist */,
			);
			path = MPExpandableTableView;
			sourceTree = "<group>";
		};
		C30B81E123A4D54100A2CFDE /* Delegates */ = {
			isa = PBXGroup;
			children = (
				C30B81CD23A4D51900A2CFDE /* AppDelegate.swift */,
				C30B81CF23A4D51900A2CFDE /* SceneDelegate.swift */,
			);
			path = Delegates;
			sourceTree = "<group>";
		};
		C30B81E223A4D54E00A2CFDE /* Controller */ = {
			isa = PBXGroup;
			children = (
				C30B81D123A4D51900A2CFDE /* ViewController.swift */,
			);
			path = Controller;
			sourceTree = "<group>";
		};
		C30B81E323A4D57000A2CFDE /* Cells */ = {
			isa = PBXGroup;
			children = (
				C30B81E723A4D5E100A2CFDE /* CategoryTableViewCell.swift */,
				C30B81E823A4D5E100A2CFDE /* CategoryTableViewCell.xib */,
				C30B81E623A4D5E100A2CFDE /* SubCategoryTableViewCell.swift */,
				C30B81E923A4D5E100A2CFDE /* SubCategoryTableViewCell.xib */,
			);
			path = Cells;
			sourceTree = "<group>";
		};
		C30B81E423A4D58500A2CFDE /* Custom Class */ = {
			isa = PBXGroup;
			children = (
				C30B81F523A4D73C00A2CFDE /* NSObjectExtension.swift */,
				C30B81F323A4D67400A2CFDE /* CustomView.swift */,
			);
			path = "Custom Class";
			sourceTree = "<group>";
		};
		C30B81E523A4D59F00A2CFDE /* StoryBoard */ = {
			isa = PBXGroup;
			children = (
				C30B81D323A4D51900A2CFDE /* Main.storyboard */,
				C30B81D823A4D52100A2CFDE /* LaunchScreen.storyboard */,
			);
			path = StoryBoard;
			sourceTree = "<group>";
		};
		C30B81EE23A4D62B00A2CFDE /* Model */ = {
			isa = PBXGroup;
			children = (
				C30B81F723A4D77500A2CFDE /* MenuItems.swift */,
			);
			path = Model;
			sourceTree = "<group>";
		};
/* End PBXGroup section */

/* Begin PBXNativeTarget section */
		C30B81C923A4D51900A2CFDE /* MPExpandableTableView */ = {
			isa = PBXNativeTarget;
			buildConfigurationList = C30B81DE23A4D52100A2CFDE /* Build configuration list for PBXNativeTarget "MPExpandableTableView" */;
			buildPhases = (
				C30B81C623A4D51900A2CFDE /* Sources */,
				C30B81C723A4D51900A2CFDE /* Frameworks */,
				C30B81C823A4D51900A2CFDE /* Resources */,
			);
			buildRules = (
			);
			dependencies = (
			);
			name = MPExpandableTableView;
			productName = MPExpandableTableView;
			productReference = C30B81CA23A4D51900A2CFDE /* MPExpandableTableView.app */;
			productType = "com.apple.product-type.application";
		};
/* End PBXNativeTarget section */

/* Begin PBXProject section */
		C30B81C223A4D51900A2CFDE /* Project object */ = {
			isa = PBXProject;
			attributes = {
				LastSwiftUpdateCheck = 1120;
				LastUpgradeCheck = 1120;
				ORGANIZATIONNAME = thoughtMakerz;
				TargetAttributes = {
					C30B81C923A4D51900A2CFDE = {
						CreatedOnToolsVersion = 11.2.1;
					};
				};
			};
			buildConfigurationList = C30B81C523A4D51900A2CFDE /* Build configuration list for PBXProject "MPExpandableTableView" */;
			compatibilityVersion = "Xcode 9.3";
			developmentRegion = en;
			hasScannedForEncodings = 0;
			knownRegions = (
				en,
				Base,
			);
			mainGroup = C30B81C123A4D51900A2CFDE;
			productRefGroup = C30B81CB23A4D51900A2CFDE /* Products */;
			projectDirPath = "";
			projectRoot = "";
			targets = (
				C30B81C923A4D51900A2CFDE /* MPExpandableTableView */,
			);
		};
/* End PBXProject section */

/* Begin PBXResourcesBuildPhase section */
		C30B81C823A4D51900A2CFDE /* Resources */ = {
			isa = PBXResourcesBuildPhase;
			buildActionMask = 2147483647;
			files = (
				C30B81DA23A4D52100A2CFDE /* LaunchScreen.storyboard in Resources */,
				C30B81D723A4D52100A2CFDE /* Assets.xcassets in Resources */,
				C30B81F023A4D66000A2CFDE /* AllMenu.json in Resources */,
				C30B81D523A4D51900A2CFDE /* Main.storyboard in Resources */,
				C30B81ED23A4D5E100A2CFDE /* SubCategoryTableViewCell.xib in Resources */,
				C30B81EC23A4D5E100A2CFDE /* CategoryTableViewCell.xib in Resources */,
			);
			runOnlyForDeploymentPostprocessing = 0;
		};
/* End PBXResourcesBuildPhase section */

/* Begin PBXSourcesBuildPhase section */
		C30B81C623A4D51900A2CFDE /* Sources */ = {
			isa = PBXSourcesBuildPhase;
			buildActionMask = 2147483647;
			files = (
				C30B81EB23A4D5E100A2CFDE /* CategoryTableViewCell.swift in Sources */,
				C30B81F823A4D77500A2CFDE /* MenuItems.swift in Sources */,
				C30B81EA23A4D5E100A2CFDE /* SubCategoryTableViewCell.swift in Sources */,
				C30B81F423A4D67400A2CFDE /* CustomView.swift in Sources */,
				C30B81D223A4D51900A2CFDE /* ViewController.swift in Sources */,
				C30B81CE23A4D51900A2CFDE /* AppDelegate.swift in Sources */,
				C30B81D023A4D51900A2CFDE /* SceneDelegate.swift in Sources */,
				C30B81F623A4D73C00A2CFDE /* NSObjectExtension.swift in Sources */,
			);
			runOnlyForDeploymentPostprocessing = 0;
		};
/* End PBXSourcesBuildPhase section */

/* Begin PBXVariantGroup section */
		C30B81D323A4D51900A2CFDE /* Main.storyboard */ = {
			isa = PBXVariantGroup;
			children = (
				C30B81D423A4D51900A2CFDE /* Base */,
			);
			name = Main.storyboard;
			sourceTree = "<group>";
		};
		C30B81D823A4D52100A2CFDE /* LaunchScreen.storyboard */ = {
			isa = PBXVariantGroup;
			children = (
				C30B81D923A4D52100A2CFDE /* Base */,
			);
			name = LaunchScreen.storyboard;
			sourceTree = "<group>";
		};
/* End PBXVariantGroup section */

/* Begin XCBuildConfiguration section */
		C30B81DC23A4D52100A2CFDE /* Debug */ = {
			isa = XCBuildConfiguration;
			buildSettings = {
				ALWAYS_SEARCH_USER_PATHS = NO;
				CLANG_ANALYZER_NONNULL = YES;
				CLANG_ANALYZER_NUMBER_OBJECT_CONVERSION = YES_AGGRESSIVE;
				CLANG_CXX_LANGUAGE_STANDARD = "gnu++14";
				CLANG_CXX_LIBRARY = "libc++";
				CLANG_ENABLE_MODULES = YES;
				CLANG_ENABLE_OBJC_ARC = YES;
				CLANG_ENABLE_OBJC_WEAK = YES;
				CLANG_WARN_BLOCK_CAPTURE_AUTORELEASING = YES;
				CLANG_WARN_BOOL_CONVERSION = YES;
				CLANG_WARN_COMMA = YES;
				CLANG_WARN_CONSTANT_CONVERSION = YES;
				CLANG_WARN_DEPRECATED_OBJC_IMPLEMENTATIONS = YES;
				CLANG_WARN_DIRECT_OBJC_ISA_USAGE = YES_ERROR;
				CLANG_WARN_DOCUMENTATION_COMMENTS = YES;
				CLANG_WARN_EMPTY_BODY = YES;
				CLANG_WARN_ENUM_CONVERSION = YES;
				CLANG_WARN_INFINITE_RECURSION = YES;
				CLANG_WARN_INT_CONVERSION = YES;
				CLANG_WARN_NON_LITERAL_NULL_CONVERSION = YES;
				CLANG_WARN_OBJC_IMPLICIT_RETAIN_SELF = YES;
				CLANG_WARN_OBJC_LITERAL_CONVERSION = YES;
				CLANG_WARN_OBJC_ROOT_CLASS = YES_ERROR;
				CLANG_WARN_RANGE_LOOP_ANALYSIS = YES;
				CLANG_WARN_STRICT_PROTOTYPES = YES;
				CLANG_WARN_SUSPICIOUS_MOVE = YES;
				CLANG_WARN_UNGUARDED_AVAILABILITY = YES_AGGRESSIVE;
				CLANG_WARN_UNREACHABLE_CODE = YES;
				CLANG_WARN__DUPLICATE_METHOD_MATCH = YES;
				COPY_PHASE_STRIP = NO;
				DEBUG_INFORMATION_FORMAT = dwarf;
				ENABLE_STRICT_OBJC_MSGSEND = YES;
				ENABLE_TESTABILITY = YES;
				GCC_C_LANGUAGE_STANDARD = gnu11;
				GCC_DYNAMIC_NO_PIC = NO;
				GCC_NO_COMMON_BLOCKS = YES;
				GCC_OPTIMIZATION_LEVEL = 0;
				GCC_PREPROCESSOR_DEFINITIONS = (
					"DEBUG=1",
					"$(inherited)",
				);
				GCC_WARN_64_TO_32_BIT_CONVERSION = YES;
				GCC_WARN_ABOUT_RETURN_TYPE = YES_ERROR;
				GCC_WARN_UNDECLARED_SELECTOR = YES;
				GCC_WARN_UNINITIALIZED_AUTOS = YES_AGGRESSIVE;
				GCC_WARN_UNUSED_FUNCTION = YES;
				GCC_WARN_UNUSED_VARIABLE = YES;
				IPHONEOS_DEPLOYMENT_TARGET = 13.2;
				MTL_ENABLE_DEBUG_INFO = INCLUDE_SOURCE;
				MTL_FAST_MATH = YES;
				ONLY_ACTIVE_ARCH = YES;
				SDKROOT = iphoneos;
				SWIFT_ACTIVE_COMPILATION_CONDITIONS = DEBUG;
				SWIFT_OPTIMIZATION_LEVEL = "-Onone";
			};
			name = Debug;
		};
		C30B81DD23A4D52100A2CFDE /* Release */ = {
			isa = XCBuildConfiguration;
			buildSettings = {
				ALWAYS_SEARCH_USER_PATHS = NO;
				CLANG_ANALYZER_NONNULL = YES;
				CLANG_ANALYZER_NUMBER_OBJECT_CONVERSION = YES_AGGRESSIVE;
				CLANG_CXX_LANGUAGE_STANDARD = "gnu++14";
				CLANG_CXX_LIBRARY = "libc++";
				CLANG_ENABLE_MODULES = YES;
				CLANG_ENABLE_OBJC_ARC = YES;
				CLANG_ENABLE_OBJC_WEAK = YES;
				CLANG_WARN_BLOCK_CAPTURE_AUTORELEASING = YES;
				CLANG_WARN_BOOL_CONVERSION = YES;
				CLANG_WARN_COMMA = YES;
				CLANG_WARN_CONSTANT_CONVERSION = YES;
				CLANG_WARN_DEPRECATED_OBJC_IMPLEMENTATIONS = YES;
				CLANG_WARN_DIRECT_OBJC_ISA_USAGE = YES_ERROR;
				CLANG_WARN_DOCUMENTATION_COMMENTS = YES;
				CLANG_WARN_EMPTY_BODY = YES;
				CLANG_WARN_ENUM_CONVERSION = YES;
				CLANG_WARN_INFINITE_RECURSION = YES;
				CLANG_WARN_INT_CONVERSION = YES;
				CLANG_WARN_NON_LITERAL_NULL_CONVERSION = YES;
				CLANG_WARN_OBJC_IMPLICIT_RETAIN_SELF = YES;
				CLANG_WARN_OBJC_LITERAL_CONVERSION = YES;
				CLANG_WARN_OBJC_ROOT_CLASS = YES_ERROR;
				CLANG_WARN_RANGE_LOOP_ANALYSIS = YES;
				CLANG_WARN_STRICT_PROTOTYPES = YES;
				CLANG_WARN_SUSPICIOUS_MOVE = YES;
				CLANG_WARN_UNGUARDED_AVAILABILITY = YES_AGGRESSIVE;
				CLANG_WARN_UNREACHABLE_CODE = YES;
				CLANG_WARN__DUPLICATE_METHOD_MATCH = YES;
				COPY_PHASE_STRIP = NO;
				DEBUG_INFORMATION_FORMAT = "dwarf-with-dsym";
				ENABLE_NS_ASSERTIONS = NO;
				ENABLE_STRICT_OBJC_MSGSEND = YES;
				GCC_C_LANGUAGE_STANDARD = gnu11;
				GCC_NO_COMMON_BLOCKS = YES;
				GCC_WARN_64_TO_32_BIT_CONVERSION = YES;
				GCC_WARN_ABOUT_RETURN_TYPE = YES_ERROR;
				GCC_WARN_UNDECLARED_SELECTOR = YES;
				GCC_WARN_UNINITIALIZED_AUTOS = YES_AGGRESSIVE;
				GCC_WARN_UNUSED_FUNCTION = YES;
				GCC_WARN_UNUSED_VARIABLE = YES;
				IPHONEOS_DEPLOYMENT_TARGET = 13.2;
				MTL_ENABLE_DEBUG_INFO = NO;
				MTL_FAST_MATH = YES;
				SDKROOT = iphoneos;
				SWIFT_COMPILATION_MODE = wholemodule;
				SWIFT_OPTIMIZATION_LEVEL = "-O";
				VALIDATE_PRODUCT = YES;
			};
			name = Release;
		};
		C30B81DF23A4D52100A2CFDE /* Debug */ = {
			isa = XCBuildConfiguration;
			buildSettings = {
				ASSETCATALOG_COMPILER_APPICON_NAME = AppIcon;
				CODE_SIGN_STYLE = Automatic;
				DEVELOPMENT_TEAM = 7525N2T587;
				INFOPLIST_FILE = MPExpandableTableView/Info.plist;
				LD_RUNPATH_SEARCH_PATHS = (
					"$(inherited)",
					"@executable_path/Frameworks",
				);
				PRODUCT_BUNDLE_IDENTIFIER = Musavir.MPExpandableTableView;
				PRODUCT_NAME = "$(TARGET_NAME)";
				SWIFT_VERSION = 5.0;
				TARGETED_DEVICE_FAMILY = "1,2";
			};
			name = Debug;
		};
		C30B81E023A4D52100A2CFDE /* Release */ = {
			isa = XCBuildConfiguration;
			buildSettings = {
				ASSETCATALOG_COMPILER_APPICON_NAME = AppIcon;
				CODE_SIGN_STYLE = Automatic;
				DEVELOPMENT_TEAM = 7525N2T587;
				INFOPLIST_FILE = MPExpandableTableView/Info.plist;
				LD_RUNPATH_SEARCH_PATHS = (
					"$(inherited)",
					"@executable_path/Frameworks",
				);
				PRODUCT_BUNDLE_IDENTIFIER = Musavir.MPExpandableTableView;
				PRODUCT_NAME = "$(TARGET_NAME)";
				SWIFT_VERSION = 5.0;
				TARGETED_DEVICE_FAMILY = "1,2";
			};
			name = Release;
		};
/* End XCBuildConfiguration section */

/* Begin XCConfigurationList section */
		C30B81C523A4D51900A2CFDE /* Build configuration list for PBXProject "MPExpandableTableView" */ = {
			isa = XCConfigurationList;
			buildConfigurations = (
				C30B81DC23A4D52100A2CFDE /* Debug */,
				C30B81DD23A4D52100A2CFDE /* Release */,
			);
			defaultConfigurationIsVisible = 0;
			defaultConfigurationName = Release;
		};
		C30B81DE23A4D52100A2CFDE /* Build configuration list for PBXNativeTarget "MPExpandableTableView" */ = {
			isa = XCConfigurationList;
			buildConfigurations = (
				C30B81DF23A4D52100A2CFDE /* Debug */,
				C30B81E023A4D52100A2CFDE /* Release */,
			);
			defaultConfigurationIsVisible = 0;
			defaultConfigurationName = Release;
		};
/* End XCConfigurationList section */
	};
	rootObject = C30B81C223A4D51900A2CFDE /* Project object */;
}
